{
  "name": "fix-the-dependencies",
  "version": "0.1.0",
  "lockfileVersion": 1,
  "requires": true,
  "dependencies": {
    "chai-spies": {
      "version": "0.7.1",
      "resolved": "https://registry.npmjs.org/chai-spies/-/chai-spies-0.7.1.tgz",
      "integrity": "sha1-ND2Z9RJEIS6LF+ZLk5lv97LCqbE=",
      "dev": true
    }
  }
}
